<Solution>
  <Folder Name="/src/">
    <Project Path="src/ModulithTemplate.ServiceDefaults/ModulithTemplate.ServiceDefaults.csproj" />
    <Project Path="src/ModulithTemplate.Web/ModulithTemplate.Web.csproj" />
  </Folder>
  <Folder Name="/src/SharedKernel/">
    <Project Path="src/SharedKernel/ModulithTemplate.SharedKernel.Application/ModulithTemplate.SharedKernel.Application.csproj" />
    <Project Path="src/SharedKernel/ModulithTemplate.SharedKernel.Domain/ModulithTemplate.SharedKernel.Domain.csproj" />
    <Project Path="src/SharedKernel/ModulithTemplate.SharedKernel.Infrastructure/ModulithTemplate.SharedKernel.Infrastructure.csproj" />
    <Project Path="src/SharedKernel/ModulithTemplate.SharedKernel.Web/ModulithTemplate.SharedKernel.Web.csproj" />
  </Folder>
  <Folder Name="/src/Features/" />
  <Folder Name="/src/Features/Orders/">
    <Project Path="src/Features/Orders/ModulithTemplate.Features.Orders.Application/ModulithTemplate.Features.Orders.Application.csproj" />
    <Project Path="src/Features/Orders/ModulithTemplate.Features.Orders.Contracts/ModulithTemplate.Features.Orders.Contracts.csproj" />
    <Project Path="src/Features/Orders/ModulithTemplate.Features.Orders.Domain/ModulithTemplate.Features.Orders.Domain.csproj" />
    <Project Path="src/Features/Orders/ModulithTemplate.Features.Orders.Infrastructure/ModulithTemplate.Features.Orders.Infrastructure.csproj" />
    <Project Path="src/Features/Orders/ModulithTemplate.Features.Orders.Web/ModulithTemplate.Features.Orders.Web.csproj" />
  </Folder>
  <Folder Name="/test/">
    <Project Path="test/ModulithTemplate.ArchitectureTests/ModulithTemplate.ArchitectureTests.csproj" />
    <Project Path="test/ModulithTemplate.WebTests/ModulithTemplate.WebTests.csproj" />
  </Folder>
  <Folder Name="/test/Features/" />
  <Folder Name="/test/Features/Orders/">
    <Project Path="test/Features/Orders/ModulithTemplate.Features.Orders.ApplicationTests/ModulithTemplate.Features.Orders.ApplicationTests.csproj" />
    <Project Path="test/Features/Orders/ModulithTemplate.Features.Orders.DomainTests/ModulithTemplate.Features.Orders.DomainTests.csproj" />
    <Project Path="test/Features/Orders/ModulithTemplate.Features.Orders.InfrastructureTests/ModulithTemplate.Features.Orders.InfrastructureTests.csproj" />
    <Project Path="test/Features/Orders/ModulithTemplate.Features.Orders.WebTests/ModulithTemplate.Features.Orders.WebTests.csproj" />
  </Folder>
</Solution>
