<Solution>
  <Folder Name="/src/">
    <Project Path="src/ModulithTemplate.FeatureCore/ModulithTemplate.FeatureCore.csproj" />
    <Project Path="src/ModulithTemplate.Infrastructure/ModulithTemplate.Infrastructure.csproj" />
  </Folder>
  <Folder Name="/src/Features/">
    <Project Path="src/Features/ModulithTemplate.Features.Example/ModulithTemplate.Features.Example.csproj" />
  </Folder>
  <Folder Name="/tests/">
    <Project Path="tests/ModulithTemplate.ArchitectureTests/ModulithTemplate.ArchitectureTests.csproj" />
  </Folder>
</Solution>
